PODS:
  - SkeletonView (1.29.2)
  - ViewAnimator (3.1.0)

DEPENDENCIES:
  - SkeletonView
  - ViewAnimator

SPEC REPOS:
  trunk:
    - SkeletonView
    - ViewAnimator

SPEC CHECKSUMS:
  SkeletonView: 915a80ecc2b6421ab7ac0f0212321c0cc1406472
  ViewAnimator: a9ceed80266e00fd435ec4fb99b2df64d580d0e4

PODFILE CHECKSUM: 5d8900c1684d6f8cd81a1a46f1838cf58a3841d9

COCOAPODS: 1.11.2
