// !$*UTF8*$!
{
	archiveVersion = 1;
	classes = {
	};
	objectVersion = 55;
	objects = {

/* Begin PBXBuildFile section */
		0A8AD737277523D700255501 /* TVProtocols.swift in Sources */ = {isa = PBXBuildFile; fileRef = 0A8AD732277523D700255501 /* TVProtocols.swift */; };
		0A8AD738277523D700255501 /* TVInteractor.swift in Sources */ = {isa = PBXBuildFile; fileRef = 0A8AD733277523D700255501 /* TVInteractor.swift */; };
		0A8AD739277523D700255501 /* TVViewController.swift in Sources */ = {isa = PBXBuildFile; fileRef = 0A8AD734277523D700255501 /* TVViewController.swift */; };
		0A8AD73A277523D700255501 /* TVPresenter.swift in Sources */ = {isa = PBXBuildFile; fileRef = 0A8AD735277523D700255501 /* TVPresenter.swift */; };
		0A8AD73B277523D700255501 /* TVRouter.swift in Sources */ = {isa = PBXBuildFile; fileRef = 0A8AD736277523D700255501 /* TVRouter.swift */; };
		0A8AD73D27753A7700255501 /* ModelCountry.swift in Sources */ = {isa = PBXBuildFile; fileRef = 0A8AD73C27753A7700255501 /* ModelCountry.swift */; };
		3F1BA8252783785600171E6C /* MyCollectionViewCell.xib in Resources */ = {isa = PBXBuildFile; fileRef = 3F1BA8242783785600171E6C /* MyCollectionViewCell.xib */; };
		3F1BA827278378AB00171E6C /* MyCollectionViewCell.swift in Sources */ = {isa = PBXBuildFile; fileRef = 3F1BA826278378AB00171E6C /* MyCollectionViewCell.swift */; };
		3F2FEC932799EB75008B9AAD /* AccesosRapidos.swift in Sources */ = {isa = PBXBuildFile; fileRef = 3F2FEC912799EB75008B9AAD /* AccesosRapidos.swift */; };
		3F2FEC942799EB75008B9AAD /* AccesosRapidos.xib in Resources */ = {isa = PBXBuildFile; fileRef = 3F2FEC922799EB75008B9AAD /* AccesosRapidos.xib */; };
		3F40A78E276BD89800D147A3 /* AppDelegate.swift in Sources */ = {isa = PBXBuildFile; fileRef = 3F40A78D276BD89800D147A3 /* AppDelegate.swift */; };
		3F40A790276BD89800D147A3 /* SceneDelegate.swift in Sources */ = {isa = PBXBuildFile; fileRef = 3F40A78F276BD89800D147A3 /* SceneDelegate.swift */; };
		3F40A792276BD89800D147A3 /* ViewController.swift in Sources */ = {isa = PBXBuildFile; fileRef = 3F40A791276BD89800D147A3 /* ViewController.swift */; };
		3F40A795276BD89800D147A3 /* Main.storyboard in Resources */ = {isa = PBXBuildFile; fileRef = 3F40A793276BD89800D147A3 /* Main.storyboard */; };
		3F40A797276BD89900D147A3 /* Assets.xcassets in Resources */ = {isa = PBXBuildFile; fileRef = 3F40A796276BD89900D147A3 /* Assets.xcassets */; };
		3F40A79A276BD89900D147A3 /* LaunchScreen.storyboard in Resources */ = {isa = PBXBuildFile; fileRef = 3F40A798276BD89900D147A3 /* LaunchScreen.storyboard */; };
		3F40A7A5276BD8CE00D147A3 /* HomeInteractor.swift in Sources */ = {isa = PBXBuildFile; fileRef = 3F40A7A4276BD8CE00D147A3 /* HomeInteractor.swift */; };
		3F40A7A7276BD8DD00D147A3 /* HomePresenter.swift in Sources */ = {isa = PBXBuildFile; fileRef = 3F40A7A6276BD8DD00D147A3 /* HomePresenter.swift */; };
		3F40A7A9276BD8EE00D147A3 /* HomeRouter.swift in Sources */ = {isa = PBXBuildFile; fileRef = 3F40A7A8276BD8EE00D147A3 /* HomeRouter.swift */; };
		3F40A7AB276BDAF000D147A3 /* HomeProtocols.swift in Sources */ = {isa = PBXBuildFile; fileRef = 3F40A7AA276BDAF000D147A3 /* HomeProtocols.swift */; };
		3F6CC65E2784A8D9002DED98 /* cityStyle.swift in Sources */ = {isa = PBXBuildFile; fileRef = 3F6CC65C2784A8D9002DED98 /* cityStyle.swift */; };
		3F6CC65F2784A8D9002DED98 /* cityStyle.xib in Resources */ = {isa = PBXBuildFile; fileRef = 3F6CC65D2784A8D9002DED98 /* cityStyle.xib */; };
		3F6F23402797558300FE80CE /* CeldaAccesosRapidosCollectionViewCell.swift in Sources */ = {isa = PBXBuildFile; fileRef = 3F6F233E2797558300FE80CE /* CeldaAccesosRapidosCollectionViewCell.swift */; };
		3F6F23412797558300FE80CE /* CeldaAccesosRapidosCollectionViewCell.xib in Resources */ = {isa = PBXBuildFile; fileRef = 3F6F233F2797558300FE80CE /* CeldaAccesosRapidosCollectionViewCell.xib */; };
		3F6F234827975B6200FE80CE /* PageControl.swift in Sources */ = {isa = PBXBuildFile; fileRef = 3F6F234627975B6200FE80CE /* PageControl.swift */; };
		3F6F234927975B6200FE80CE /* PageControl.xib in Resources */ = {isa = PBXBuildFile; fileRef = 3F6F234727975B6200FE80CE /* PageControl.xib */; };
		3F6F234C2797613E00FE80CE /* Banner.swift in Sources */ = {isa = PBXBuildFile; fileRef = 3F6F234A2797613E00FE80CE /* Banner.swift */; };
		3F6F234D2797613E00FE80CE /* banner.xib in Resources */ = {isa = PBXBuildFile; fileRef = 3F6F234B2797613E00FE80CE /* banner.xib */; };
		3F731160278785C600E07EDC /* SkeletonView in Frameworks */ = {isa = PBXBuildFile; productRef = 3F73115F278785C600E07EDC /* SkeletonView */; };
		3F80F069277BBE6E00C8C787 /* XIBViewController.swift in Sources */ = {isa = PBXBuildFile; fileRef = 3F80F067277BBE6E00C8C787 /* XIBViewController.swift */; };
		3F80F06A277BBE6E00C8C787 /* XIBViewController.xib in Resources */ = {isa = PBXBuildFile; fileRef = 3F80F068277BBE6E00C8C787 /* XIBViewController.xib */; };
		3F80F06C277BBEC000C8C787 /* XIB.swift in Sources */ = {isa = PBXBuildFile; fileRef = 3F80F06B277BBEC000C8C787 /* XIB.swift */; };
		3F80F073277BCADC00C8C787 /* Mod1TitleTableViewCell.swift in Sources */ = {isa = PBXBuildFile; fileRef = 3F80F071277BCADC00C8C787 /* Mod1TitleTableViewCell.swift */; };
		3F80F074277BCADC00C8C787 /* Mod1TitleTableViewCell.xib in Resources */ = {isa = PBXBuildFile; fileRef = 3F80F072277BCADC00C8C787 /* Mod1TitleTableViewCell.xib */; };
		3F88592B277CEA930015C98F /* Mod2TitleTableViewCell.swift in Sources */ = {isa = PBXBuildFile; fileRef = 3F88592A277CEA930015C98F /* Mod2TitleTableViewCell.swift */; };
		3F88592F277CEAD70015C98F /* Mod2TitleTableViewCell.xib in Resources */ = {isa = PBXBuildFile; fileRef = 3F88592E277CEAD70015C98F /* Mod2TitleTableViewCell.xib */; };
		3FA63309277A596A002D81FD /* CVPresenter.swift in Sources */ = {isa = PBXBuildFile; fileRef = 3FA63302277A596A002D81FD /* CVPresenter.swift */; };
		3FA6330B277A596A002D81FD /* CVProtocols.swift in Sources */ = {isa = PBXBuildFile; fileRef = 3FA63304277A596A002D81FD /* CVProtocols.swift */; };
		3FA6330C277A596A002D81FD /* CVInteractor.swift in Sources */ = {isa = PBXBuildFile; fileRef = 3FA63305277A596A002D81FD /* CVInteractor.swift */; };
		3FA6330D277A596A002D81FD /* CVView.swift in Sources */ = {isa = PBXBuildFile; fileRef = 3FA63306277A596A002D81FD /* CVView.swift */; };
		3FA6330F277A596A002D81FD /* CVWireFrame.swift in Sources */ = {isa = PBXBuildFile; fileRef = 3FA63308277A596A002D81FD /* CVWireFrame.swift */; };
		3FCA9D762784C4F00071C787 /* MyCities1.xib in Resources */ = {isa = PBXBuildFile; fileRef = 3FCA9D752784C4F00071C787 /* MyCities1.xib */; };
		3FCA9D782784C6E60071C787 /* MyCities1.swift in Sources */ = {isa = PBXBuildFile; fileRef = 3FCA9D772784C6E60071C787 /* MyCities1.swift */; };
		3FE9922B2798A2280001E0C3 /* PageControlCell.swift in Sources */ = {isa = PBXBuildFile; fileRef = 3FE992292798A2270001E0C3 /* PageControlCell.swift */; };
		3FE9922C2798A2280001E0C3 /* PageControlCell.xib in Resources */ = {isa = PBXBuildFile; fileRef = 3FE9922A2798A2270001E0C3 /* PageControlCell.xib */; };
		FB87D7F42784E764006056BE /* cityStyle3.xib in Resources */ = {isa = PBXBuildFile; fileRef = FB87D7F32784E764006056BE /* cityStyle3.xib */; };
		FB87D7F82784E9CC006056BE /* cityStyle3.swift in Sources */ = {isa = PBXBuildFile; fileRef = FB87D7F72784E9CC006056BE /* cityStyle3.swift */; };
		FB87D7FA2784EDD2006056BE /* cityStyle2.xib in Resources */ = {isa = PBXBuildFile; fileRef = FB87D7F92784EDD2006056BE /* cityStyle2.xib */; };
		FB87D7FC2784EE78006056BE /* cityStyle2.swift in Sources */ = {isa = PBXBuildFile; fileRef = FB87D7FB2784EE78006056BE /* cityStyle2.swift */; };
		FB87D7FF278640BD006056BE /* CollectionViewCell.swift in Sources */ = {isa = PBXBuildFile; fileRef = FB87D7FD278640BC006056BE /* CollectionViewCell.swift */; };
		FB87D800278640BD006056BE /* CollectionViewCell.xib in Resources */ = {isa = PBXBuildFile; fileRef = FB87D7FE278640BC006056BE /* CollectionViewCell.xib */; };
/* End PBXBuildFile section */

/* Begin PBXFileReference section */
		0A8AD732277523D700255501 /* TVProtocols.swift */ = {isa = PBXFileReference; fileEncoding = 4; lastKnownFileType = sourcecode.swift; path = TVProtocols.swift; sourceTree = "<group>"; };
		0A8AD733277523D700255501 /* TVInteractor.swift */ = {isa = PBXFileReference; fileEncoding = 4; lastKnownFileType = sourcecode.swift; path = TVInteractor.swift; sourceTree = "<group>"; };
		0A8AD734277523D700255501 /* TVViewController.swift */ = {isa = PBXFileReference; fileEncoding = 4; lastKnownFileType = sourcecode.swift; path = TVViewController.swift; sourceTree = "<group>"; };
		0A8AD735277523D700255501 /* TVPresenter.swift */ = {isa = PBXFileReference; fileEncoding = 4; lastKnownFileType = sourcecode.swift; path = TVPresenter.swift; sourceTree = "<group>"; };
		0A8AD736277523D700255501 /* TVRouter.swift */ = {isa = PBXFileReference; fileEncoding = 4; lastKnownFileType = sourcecode.swift; path = TVRouter.swift; sourceTree = "<group>"; };
		0A8AD73C27753A7700255501 /* ModelCountry.swift */ = {isa = PBXFileReference; lastKnownFileType = sourcecode.swift; path = ModelCountry.swift; sourceTree = "<group>"; };
		3F1BA8242783785600171E6C /* MyCollectionViewCell.xib */ = {isa = PBXFileReference; fileEncoding = 4; lastKnownFileType = file.xib; path = MyCollectionViewCell.xib; sourceTree = "<group>"; };
		3F1BA826278378AB00171E6C /* MyCollectionViewCell.swift */ = {isa = PBXFileReference; fileEncoding = 4; lastKnownFileType = sourcecode.swift; path = MyCollectionViewCell.swift; sourceTree = "<group>"; };
		3F2FEC912799EB75008B9AAD /* AccesosRapidos.swift */ = {isa = PBXFileReference; lastKnownFileType = sourcecode.swift; path = AccesosRapidos.swift; sourceTree = "<group>"; };
		3F2FEC922799EB75008B9AAD /* AccesosRapidos.xib */ = {isa = PBXFileReference; lastKnownFileType = file.xib; path = AccesosRapidos.xib; sourceTree = "<group>"; };
		3F40A78A276BD89800D147A3 /* Viper- 02.app */ = {isa = PBXFileReference; explicitFileType = wrapper.application; includeInIndex = 0; path = "Viper- 02.app"; sourceTree = BUILT_PRODUCTS_DIR; };
		3F40A78D276BD89800D147A3 /* AppDelegate.swift */ = {isa = PBXFileReference; lastKnownFileType = sourcecode.swift; path = AppDelegate.swift; sourceTree = "<group>"; };
		3F40A78F276BD89800D147A3 /* SceneDelegate.swift */ = {isa = PBXFileReference; lastKnownFileType = sourcecode.swift; path = SceneDelegate.swift; sourceTree = "<group>"; };
		3F40A791276BD89800D147A3 /* ViewController.swift */ = {isa = PBXFileReference; lastKnownFileType = sourcecode.swift; path = ViewController.swift; sourceTree = "<group>"; };
		3F40A794276BD89800D147A3 /* Base */ = {isa = PBXFileReference; lastKnownFileType = file.storyboard; name = Base; path = Base.lproj/Main.storyboard; sourceTree = "<group>"; };
		3F40A796276BD89900D147A3 /* Assets.xcassets */ = {isa = PBXFileReference; lastKnownFileType = folder.assetcatalog; path = Assets.xcassets; sourceTree = "<group>"; };
		3F40A799276BD89900D147A3 /* Base */ = {isa = PBXFileReference; lastKnownFileType = file.storyboard; name = Base; path = Base.lproj/LaunchScreen.storyboard; sourceTree = "<group>"; };
		3F40A79B276BD89900D147A3 /* Info.plist */ = {isa = PBXFileReference; lastKnownFileType = text.plist.xml; path = Info.plist; sourceTree = "<group>"; };
		3F40A7A4276BD8CE00D147A3 /* HomeInteractor.swift */ = {isa = PBXFileReference; lastKnownFileType = sourcecode.swift; path = HomeInteractor.swift; sourceTree = "<group>"; };
		3F40A7A6276BD8DD00D147A3 /* HomePresenter.swift */ = {isa = PBXFileReference; lastKnownFileType = sourcecode.swift; path = HomePresenter.swift; sourceTree = "<group>"; };
		3F40A7A8276BD8EE00D147A3 /* HomeRouter.swift */ = {isa = PBXFileReference; lastKnownFileType = sourcecode.swift; path = HomeRouter.swift; sourceTree = "<group>"; };
		3F40A7AA276BDAF000D147A3 /* HomeProtocols.swift */ = {isa = PBXFileReference; lastKnownFileType = sourcecode.swift; path = HomeProtocols.swift; sourceTree = "<group>"; };
		3F6CC65C2784A8D9002DED98 /* cityStyle.swift */ = {isa = PBXFileReference; lastKnownFileType = sourcecode.swift; path = cityStyle.swift; sourceTree = "<group>"; };
		3F6CC65D2784A8D9002DED98 /* cityStyle.xib */ = {isa = PBXFileReference; lastKnownFileType = file.xib; path = cityStyle.xib; sourceTree = "<group>"; };
		3F6F233E2797558300FE80CE /* CeldaAccesosRapidosCollectionViewCell.swift */ = {isa = PBXFileReference; lastKnownFileType = sourcecode.swift; path = CeldaAccesosRapidosCollectionViewCell.swift; sourceTree = "<group>"; };
		3F6F233F2797558300FE80CE /* CeldaAccesosRapidosCollectionViewCell.xib */ = {isa = PBXFileReference; lastKnownFileType = file.xib; path = CeldaAccesosRapidosCollectionViewCell.xib; sourceTree = "<group>"; };
		3F6F234627975B6200FE80CE /* PageControl.swift */ = {isa = PBXFileReference; lastKnownFileType = sourcecode.swift; path = PageControl.swift; sourceTree = "<group>"; };
		3F6F234727975B6200FE80CE /* PageControl.xib */ = {isa = PBXFileReference; lastKnownFileType = file.xib; path = PageControl.xib; sourceTree = "<group>"; };
		3F6F234A2797613E00FE80CE /* Banner.swift */ = {isa = PBXFileReference; fileEncoding = 4; lastKnownFileType = sourcecode.swift; path = Banner.swift; sourceTree = "<group>"; };
		3F6F234B2797613E00FE80CE /* banner.xib */ = {isa = PBXFileReference; fileEncoding = 4; lastKnownFileType = file.xib; path = banner.xib; sourceTree = "<group>"; };
		3F80F067277BBE6E00C8C787 /* XIBViewController.swift */ = {isa = PBXFileReference; lastKnownFileType = sourcecode.swift; path = XIBViewController.swift; sourceTree = "<group>"; };
		3F80F068277BBE6E00C8C787 /* XIBViewController.xib */ = {isa = PBXFileReference; lastKnownFileType = file.xib; path = XIBViewController.xib; sourceTree = "<group>"; };
		3F80F06B277BBEC000C8C787 /* XIB.swift */ = {isa = PBXFileReference; lastKnownFileType = sourcecode.swift; path = XIB.swift; sourceTree = "<group>"; };
		3F80F071277BCADC00C8C787 /* Mod1TitleTableViewCell.swift */ = {isa = PBXFileReference; fileEncoding = 4; lastKnownFileType = sourcecode.swift; path = Mod1TitleTableViewCell.swift; sourceTree = "<group>"; };
		3F80F072277BCADC00C8C787 /* Mod1TitleTableViewCell.xib */ = {isa = PBXFileReference; fileEncoding = 4; lastKnownFileType = file.xib; path = Mod1TitleTableViewCell.xib; sourceTree = "<group>"; };
		3F88592A277CEA930015C98F /* Mod2TitleTableViewCell.swift */ = {isa = PBXFileReference; fileEncoding = 4; lastKnownFileType = sourcecode.swift; path = Mod2TitleTableViewCell.swift; sourceTree = "<group>"; };
		3F88592E277CEAD70015C98F /* Mod2TitleTableViewCell.xib */ = {isa = PBXFileReference; fileEncoding = 4; lastKnownFileType = file.xib; path = Mod2TitleTableViewCell.xib; sourceTree = "<group>"; };
		3FA63302277A596A002D81FD /* CVPresenter.swift */ = {isa = PBXFileReference; lastKnownFileType = sourcecode.swift; path = CVPresenter.swift; sourceTree = "<group>"; };
		3FA63304277A596A002D81FD /* CVProtocols.swift */ = {isa = PBXFileReference; lastKnownFileType = sourcecode.swift; path = CVProtocols.swift; sourceTree = "<group>"; };
		3FA63305277A596A002D81FD /* CVInteractor.swift */ = {isa = PBXFileReference; lastKnownFileType = sourcecode.swift; path = CVInteractor.swift; sourceTree = "<group>"; };
		3FA63306277A596A002D81FD /* CVView.swift */ = {isa = PBXFileReference; lastKnownFileType = sourcecode.swift; path = CVView.swift; sourceTree = "<group>"; };
		3FA63308277A596A002D81FD /* CVWireFrame.swift */ = {isa = PBXFileReference; lastKnownFileType = sourcecode.swift; path = CVWireFrame.swift; sourceTree = "<group>"; };
		3FCA9D752784C4F00071C787 /* MyCities1.xib */ = {isa = PBXFileReference; lastKnownFileType = file.xib; path = MyCities1.xib; sourceTree = "<group>"; };
		3FCA9D772784C6E60071C787 /* MyCities1.swift */ = {isa = PBXFileReference; lastKnownFileType = sourcecode.swift; path = MyCities1.swift; sourceTree = "<group>"; };
		3FE992292798A2270001E0C3 /* PageControlCell.swift */ = {isa = PBXFileReference; lastKnownFileType = sourcecode.swift; path = PageControlCell.swift; sourceTree = "<group>"; };
		3FE9922A2798A2270001E0C3 /* PageControlCell.xib */ = {isa = PBXFileReference; lastKnownFileType = file.xib; path = PageControlCell.xib; sourceTree = "<group>"; };
		FB87D7F32784E764006056BE /* cityStyle3.xib */ = {isa = PBXFileReference; lastKnownFileType = file.xib; path = cityStyle3.xib; sourceTree = "<group>"; };
		FB87D7F72784E9CC006056BE /* cityStyle3.swift */ = {isa = PBXFileReference; lastKnownFileType = sourcecode.swift; path = cityStyle3.swift; sourceTree = "<group>"; };
		FB87D7F92784EDD2006056BE /* cityStyle2.xib */ = {isa = PBXFileReference; lastKnownFileType = file.xib; path = cityStyle2.xib; sourceTree = "<group>"; };
		FB87D7FB2784EE78006056BE /* cityStyle2.swift */ = {isa = PBXFileReference; lastKnownFileType = sourcecode.swift; path = cityStyle2.swift; sourceTree = "<group>"; };
		FB87D7FD278640BC006056BE /* CollectionViewCell.swift */ = {isa = PBXFileReference; lastKnownFileType = sourcecode.swift; path = CollectionViewCell.swift; sourceTree = "<group>"; };
		FB87D7FE278640BC006056BE /* CollectionViewCell.xib */ = {isa = PBXFileReference; lastKnownFileType = file.xib; path = CollectionViewCell.xib; sourceTree = "<group>"; };
/* End PBXFileReference section */

/* Begin PBXFrameworksBuildPhase section */
		3F40A787276BD89800D147A3 /* Frameworks */ = {
			isa = PBXFrameworksBuildPhase;
			buildActionMask = 2147483647;
			files = (
				3F731160278785C600E07EDC /* SkeletonView in Frameworks */,
			);
			runOnlyForDeploymentPostprocessing = 0;
		};
/* End PBXFrameworksBuildPhase section */

/* Begin PBXGroup section */
		0A8AD7312775238D00255501 /* TableView */ = {
			isa = PBXGroup;
			children = (
				0A8AD733277523D700255501 /* TVInteractor.swift */,
				0A8AD735277523D700255501 /* TVPresenter.swift */,
				0A8AD732277523D700255501 /* TVProtocols.swift */,
				0A8AD736277523D700255501 /* TVRouter.swift */,
				0A8AD734277523D700255501 /* TVViewController.swift */,
				0A8AD73C27753A7700255501 /* ModelCountry.swift */,
				3FCA9D792784C6F80071C787 /* Cities */,
				3FCA9D7A2784C7220071C787 /* Countries */,
				FB87D7FD278640BC006056BE /* CollectionViewCell.swift */,
				FB87D7FE278640BC006056BE /* CollectionViewCell.xib */,
				3F6F233E2797558300FE80CE /* CeldaAccesosRapidosCollectionViewCell.swift */,
				3F6F233F2797558300FE80CE /* CeldaAccesosRapidosCollectionViewCell.xib */,
			);
			path = TableView;
			sourceTree = "<group>";
		};
		3F40A781276BD89800D147A3 = {
			isa = PBXGroup;
			children = (
				3F40A78C276BD89800D147A3 /* Viper- 02 */,
				3F40A78B276BD89800D147A3 /* Products */,
			);
			sourceTree = "<group>";
		};
		3F40A78B276BD89800D147A3 /* Products */ = {
			isa = PBXGroup;
			children = (
				3F40A78A276BD89800D147A3 /* Viper- 02.app */,
			);
			name = Products;
			sourceTree = "<group>";
		};
		3F40A78C276BD89800D147A3 /* Viper- 02 */ = {
			isa = PBXGroup;
			children = (
				3FA632ED277A56FD002D81FD /* CollectionView */,
				0A8AD7312775238D00255501 /* TableView */,
				3F40A7A1276BD8B200D147A3 /* Home */,
				3F40A78D276BD89800D147A3 /* AppDelegate.swift */,
				3F40A78F276BD89800D147A3 /* SceneDelegate.swift */,
				3F40A793276BD89800D147A3 /* Main.storyboard */,
				3F40A796276BD89900D147A3 /* Assets.xcassets */,
				3F40A798276BD89900D147A3 /* LaunchScreen.storyboard */,
				3F40A79B276BD89900D147A3 /* Info.plist */,
				3F6F234A2797613E00FE80CE /* Banner.swift */,
				3F6F234B2797613E00FE80CE /* banner.xib */,
			);
			path = "Viper- 02";
			sourceTree = "<group>";
		};
		3F40A7A1276BD8B200D147A3 /* Home */ = {
			isa = PBXGroup;
			children = (
				3F40A791276BD89800D147A3 /* ViewController.swift */,
				3F40A7A4276BD8CE00D147A3 /* HomeInteractor.swift */,
				3F40A7A6276BD8DD00D147A3 /* HomePresenter.swift */,
				3F40A7A8276BD8EE00D147A3 /* HomeRouter.swift */,
				3F40A7AA276BDAF000D147A3 /* HomeProtocols.swift */,
			);
			path = Home;
			sourceTree = "<group>";
		};
		3FA632ED277A56FD002D81FD /* CollectionView */ = {
			isa = PBXGroup;
			children = (
				3FA63302277A596A002D81FD /* CVPresenter.swift */,
				3FA63304277A596A002D81FD /* CVProtocols.swift */,
				3FA63305277A596A002D81FD /* CVInteractor.swift */,
				3FA63306277A596A002D81FD /* CVView.swift */,
				3FA63308277A596A002D81FD /* CVWireFrame.swift */,
				3F80F06B277BBEC000C8C787 /* XIB.swift */,
				3F80F067277BBE6E00C8C787 /* XIBViewController.swift */,
				3F80F068277BBE6E00C8C787 /* XIBViewController.xib */,
			);
			path = CollectionView;
			sourceTree = "<group>";
		};
		3FCA9D792784C6F80071C787 /* Cities */ = {
			isa = PBXGroup;
			children = (
				3F6CC65C2784A8D9002DED98 /* cityStyle.swift */,
				3F6CC65D2784A8D9002DED98 /* cityStyle.xib */,
				3FCA9D772784C6E60071C787 /* MyCities1.swift */,
				3FCA9D752784C4F00071C787 /* MyCities1.xib */,
				FB87D7F32784E764006056BE /* cityStyle3.xib */,
				FB87D7F72784E9CC006056BE /* cityStyle3.swift */,
				FB87D7F92784EDD2006056BE /* cityStyle2.xib */,
				FB87D7FB2784EE78006056BE /* cityStyle2.swift */,
				3FE992292798A2270001E0C3 /* PageControlCell.swift */,
				3FE9922A2798A2270001E0C3 /* PageControlCell.xib */,
				3F2FEC912799EB75008B9AAD /* AccesosRapidos.swift */,
				3F2FEC922799EB75008B9AAD /* AccesosRapidos.xib */,
			);
			path = Cities;
			sourceTree = "<group>";
		};
		3FCA9D7A2784C7220071C787 /* Countries */ = {
			isa = PBXGroup;
			children = (
				3F80F071277BCADC00C8C787 /* Mod1TitleTableViewCell.swift */,
				3F80F072277BCADC00C8C787 /* Mod1TitleTableViewCell.xib */,
				3F88592A277CEA930015C98F /* Mod2TitleTableViewCell.swift */,
				3F88592E277CEAD70015C98F /* Mod2TitleTableViewCell.xib */,
				3F1BA826278378AB00171E6C /* MyCollectionViewCell.swift */,
				3F1BA8242783785600171E6C /* MyCollectionViewCell.xib */,
				3F6F234627975B6200FE80CE /* PageControl.swift */,
				3F6F234727975B6200FE80CE /* PageControl.xib */,
			);
			path = Countries;
			sourceTree = "<group>";
		};
/* End PBXGroup section */

/* Begin PBXNativeTarget section */
		3F40A789276BD89800D147A3 /* Viper- 02 */ = {
			isa = PBXNativeTarget;
			buildConfigurationList = 3F40A79E276BD89900D147A3 /* Build configuration list for PBXNativeTarget "Viper- 02" */;
			buildPhases = (
				3F40A786276BD89800D147A3 /* Sources */,
				3F40A787276BD89800D147A3 /* Frameworks */,
				3F40A788276BD89800D147A3 /* Resources */,
			);
			buildRules = (
			);
			dependencies = (
			);
			name = "Viper- 02";
			packageProductDependencies = (
				3F73115F278785C600E07EDC /* SkeletonView */,
			);
			productName = "Viper- 02";
			productReference = 3F40A78A276BD89800D147A3 /* Viper- 02.app */;
			productType = "com.apple.product-type.application";
		};
/* End PBXNativeTarget section */

/* Begin PBXProject section */
		3F40A782276BD89800D147A3 /* Project object */ = {
			isa = PBXProject;
			attributes = {
				BuildIndependentTargetsInParallel = 1;
				LastSwiftUpdateCheck = 1310;
				LastUpgradeCheck = 1310;
				TargetAttributes = {
					3F40A789276BD89800D147A3 = {
						CreatedOnToolsVersion = 13.1;
					};
				};
			};
			buildConfigurationList = 3F40A785276BD89800D147A3 /* Build configuration list for PBXProject "Viper- 02" */;
			compatibilityVersion = "Xcode 13.0";
			developmentRegion = en;
			hasScannedForEncodings = 0;
			knownRegions = (
				en,
				Base,
			);
			mainGroup = 3F40A781276BD89800D147A3;
			packageReferences = (
				3F73115E278785C600E07EDC /* XCRemoteSwiftPackageReference "SkeletonView" */,
			);
			productRefGroup = 3F40A78B276BD89800D147A3 /* Products */;
			projectDirPath = "";
			projectRoot = "";
			targets = (
				3F40A789276BD89800D147A3 /* Viper- 02 */,
			);
		};
/* End PBXProject section */

/* Begin PBXResourcesBuildPhase section */
		3F40A788276BD89800D147A3 /* Resources */ = {
			isa = PBXResourcesBuildPhase;
			buildActionMask = 2147483647;
			files = (
				3F2FEC942799EB75008B9AAD /* AccesosRapidos.xib in Resources */,
				3F80F06A277BBE6E00C8C787 /* XIBViewController.xib in Resources */,
				3F6F234D2797613E00FE80CE /* banner.xib in Resources */,
				3F40A79A276BD89900D147A3 /* LaunchScreen.storyboard in Resources */,
				3F40A797276BD89900D147A3 /* Assets.xcassets in Resources */,
				3F6F23412797558300FE80CE /* CeldaAccesosRapidosCollectionViewCell.xib in Resources */,
				3F88592F277CEAD70015C98F /* Mod2TitleTableViewCell.xib in Resources */,
				3FE9922C2798A2280001E0C3 /* PageControlCell.xib in Resources */,
				3F80F074277BCADC00C8C787 /* Mod1TitleTableViewCell.xib in Resources */,
				3F40A795276BD89800D147A3 /* Main.storyboard in Resources */,
				FB87D800278640BD006056BE /* CollectionViewCell.xib in Resources */,
				3FCA9D762784C4F00071C787 /* MyCities1.xib in Resources */,
				3F6F234927975B6200FE80CE /* PageControl.xib in Resources */,
				FB87D7FA2784EDD2006056BE /* cityStyle2.xib in Resources */,
				FB87D7F42784E764006056BE /* cityStyle3.xib in Resources */,
				3F1BA8252783785600171E6C /* MyCollectionViewCell.xib in Resources */,
				3F6CC65F2784A8D9002DED98 /* cityStyle.xib in Resources */,
			);
			runOnlyForDeploymentPostprocessing = 0;
		};
/* End PBXResourcesBuildPhase section */

/* Begin PBXSourcesBuildPhase section */
		3F40A786276BD89800D147A3 /* Sources */ = {
			isa = PBXSourcesBuildPhase;
			buildActionMask = 2147483647;
			files = (
				0A8AD73B277523D700255501 /* TVRouter.swift in Sources */,
				0A8AD73A277523D700255501 /* TVPresenter.swift in Sources */,
				3F6CC65E2784A8D9002DED98 /* cityStyle.swift in Sources */,
				3F6F23402797558300FE80CE /* CeldaAccesosRapidosCollectionViewCell.swift in Sources */,
				3F1BA827278378AB00171E6C /* MyCollectionViewCell.swift in Sources */,
				3F40A792276BD89800D147A3 /* ViewController.swift in Sources */,
				0A8AD738277523D700255501 /* TVInteractor.swift in Sources */,
				3F2FEC932799EB75008B9AAD /* AccesosRapidos.swift in Sources */,
				3F80F069277BBE6E00C8C787 /* XIBViewController.swift in Sources */,
				0A8AD73D27753A7700255501 /* ModelCountry.swift in Sources */,
				0A8AD739277523D700255501 /* TVViewController.swift in Sources */,
				3F40A7A9276BD8EE00D147A3 /* HomeRouter.swift in Sources */,
				3F40A78E276BD89800D147A3 /* AppDelegate.swift in Sources */,
				3FA6330D277A596A002D81FD /* CVView.swift in Sources */,
				3FA6330C277A596A002D81FD /* CVInteractor.swift in Sources */,
				FB87D7FF278640BD006056BE /* CollectionViewCell.swift in Sources */,
				0A8AD737277523D700255501 /* TVProtocols.swift in Sources */,
				3FA6330B277A596A002D81FD /* CVProtocols.swift in Sources */,
				3FCA9D782784C6E60071C787 /* MyCities1.swift in Sources */,
				3F40A7AB276BDAF000D147A3 /* HomeProtocols.swift in Sources */,
				3F40A7A7276BD8DD00D147A3 /* HomePresenter.swift in Sources */,
				3F80F06C277BBEC000C8C787 /* XIB.swift in Sources */,
				3F80F073277BCADC00C8C787 /* Mod1TitleTableViewCell.swift in Sources */,
				3FE9922B2798A2280001E0C3 /* PageControlCell.swift in Sources */,
				3F40A7A5276BD8CE00D147A3 /* HomeInteractor.swift in Sources */,
				3F40A790276BD89800D147A3 /* SceneDelegate.swift in Sources */,
				3F88592B277CEA930015C98F /* Mod2TitleTableViewCell.swift in Sources */,
				FB87D7F82784E9CC006056BE /* cityStyle3.swift in Sources */,
				3F6F234827975B6200FE80CE /* PageControl.swift in Sources */,
				3FA63309277A596A002D81FD /* CVPresenter.swift in Sources */,
				3F6F234C2797613E00FE80CE /* Banner.swift in Sources */,
				3FA6330F277A596A002D81FD /* CVWireFrame.swift in Sources */,
				FB87D7FC2784EE78006056BE /* cityStyle2.swift in Sources */,
			);
			runOnlyForDeploymentPostprocessing = 0;
		};
/* End PBXSourcesBuildPhase section */

/* Begin PBXVariantGroup section */
		3F40A793276BD89800D147A3 /* Main.storyboard */ = {
			isa = PBXVariantGroup;
			children = (
				3F40A794276BD89800D147A3 /* Base */,
			);
			name = Main.storyboard;
			sourceTree = "<group>";
		};
		3F40A798276BD89900D147A3 /* LaunchScreen.storyboard */ = {
			isa = PBXVariantGroup;
			children = (
				3F40A799276BD89900D147A3 /* Base */,
			);
			name = LaunchScreen.storyboard;
			sourceTree = "<group>";
		};
/* End PBXVariantGroup section */

/* Begin XCBuildConfiguration section */
		3F40A79C276BD89900D147A3 /* Debug */ = {
			isa = XCBuildConfiguration;
			buildSettings = {
				ALWAYS_SEARCH_USER_PATHS = NO;
				CLANG_ANALYZER_NONNULL = YES;
				CLANG_ANALYZER_NUMBER_OBJECT_CONVERSION = YES_AGGRESSIVE;
				CLANG_CXX_LANGUAGE_STANDARD = "gnu++17";
				CLANG_CXX_LIBRARY = "libc++";
				CLANG_ENABLE_MODULES = YES;
				CLANG_ENABLE_OBJC_ARC = YES;
				CLANG_ENABLE_OBJC_WEAK = YES;
				CLANG_WARN_BLOCK_CAPTURE_AUTORELEASING = YES;
				CLANG_WARN_BOOL_CONVERSION = YES;
				CLANG_WARN_COMMA = YES;
				CLANG_WARN_CONSTANT_CONVERSION = YES;
				CLANG_WARN_DEPRECATED_OBJC_IMPLEMENTATIONS = YES;
				CLANG_WARN_DIRECT_OBJC_ISA_USAGE = YES_ERROR;
				CLANG_WARN_DOCUMENTATION_COMMENTS = YES;
				CLANG_WARN_EMPTY_BODY = YES;
				CLANG_WARN_ENUM_CONVERSION = YES;
				CLANG_WARN_INFINITE_RECURSION = YES;
				CLANG_WARN_INT_CONVERSION = YES;
				CLANG_WARN_NON_LITERAL_NULL_CONVERSION = YES;
				CLANG_WARN_OBJC_IMPLICIT_RETAIN_SELF = YES;
				CLANG_WARN_OBJC_LITERAL_CONVERSION = YES;
				CLANG_WARN_OBJC_ROOT_CLASS = YES_ERROR;
				CLANG_WARN_QUOTED_INCLUDE_IN_FRAMEWORK_HEADER = YES;
				CLANG_WARN_RANGE_LOOP_ANALYSIS = YES;
				CLANG_WARN_STRICT_PROTOTYPES = YES;
				CLANG_WARN_SUSPICIOUS_MOVE = YES;
				CLANG_WARN_UNGUARDED_AVAILABILITY = YES_AGGRESSIVE;
				CLANG_WARN_UNREACHABLE_CODE = YES;
				CLANG_WARN__DUPLICATE_METHOD_MATCH = YES;
				COPY_PHASE_STRIP = NO;
				DEBUG_INFORMATION_FORMAT = dwarf;
				ENABLE_STRICT_OBJC_MSGSEND = YES;
				ENABLE_TESTABILITY = YES;
				GCC_C_LANGUAGE_STANDARD = gnu11;
				GCC_DYNAMIC_NO_PIC = NO;
				GCC_NO_COMMON_BLOCKS = YES;
				GCC_OPTIMIZATION_LEVEL = 0;
				GCC_PREPROCESSOR_DEFINITIONS = (
					"DEBUG=1",
					"$(inherited)",
				);
				GCC_WARN_64_TO_32_BIT_CONVERSION = YES;
				GCC_WARN_ABOUT_RETURN_TYPE = YES_ERROR;
				GCC_WARN_UNDECLARED_SELECTOR = YES;
				GCC_WARN_UNINITIALIZED_AUTOS = YES_AGGRESSIVE;
				GCC_WARN_UNUSED_FUNCTION = YES;
				GCC_WARN_UNUSED_VARIABLE = YES;
				IPHONEOS_DEPLOYMENT_TARGET = 15.0;
				MTL_ENABLE_DEBUG_INFO = INCLUDE_SOURCE;
				MTL_FAST_MATH = YES;
				ONLY_ACTIVE_ARCH = YES;
				SDKROOT = iphoneos;
				SWIFT_ACTIVE_COMPILATION_CONDITIONS = DEBUG;
				SWIFT_OPTIMIZATION_LEVEL = "-Onone";
			};
			name = Debug;
		};
		3F40A79D276BD89900D147A3 /* Release */ = {
			isa = XCBuildConfiguration;
			buildSettings = {
				ALWAYS_SEARCH_USER_PATHS = NO;
				CLANG_ANALYZER_NONNULL = YES;
				CLANG_ANALYZER_NUMBER_OBJECT_CONVERSION = YES_AGGRESSIVE;
				CLANG_CXX_LANGUAGE_STANDARD = "gnu++17";
				CLANG_CXX_LIBRARY = "libc++";
				CLANG_ENABLE_MODULES = YES;
				CLANG_ENABLE_OBJC_ARC = YES;
				CLANG_ENABLE_OBJC_WEAK = YES;
				CLANG_WARN_BLOCK_CAPTURE_AUTORELEASING = YES;
				CLANG_WARN_BOOL_CONVERSION = YES;
				CLANG_WARN_COMMA = YES;
				CLANG_WARN_CONSTANT_CONVERSION = YES;
				CLANG_WARN_DEPRECATED_OBJC_IMPLEMENTATIONS = YES;
				CLANG_WARN_DIRECT_OBJC_ISA_USAGE = YES_ERROR;
				CLANG_WARN_DOCUMENTATION_COMMENTS = YES;
				CLANG_WARN_EMPTY_BODY = YES;
				CLANG_WARN_ENUM_CONVERSION = YES;
				CLANG_WARN_INFINITE_RECURSION = YES;
				CLANG_WARN_INT_CONVERSION = YES;
				CLANG_WARN_NON_LITERAL_NULL_CONVERSION = YES;
				CLANG_WARN_OBJC_IMPLICIT_RETAIN_SELF = YES;
				CLANG_WARN_OBJC_LITERAL_CONVERSION = YES;
				CLANG_WARN_OBJC_ROOT_CLASS = YES_ERROR;
				CLANG_WARN_QUOTED_INCLUDE_IN_FRAMEWORK_HEADER = YES;
				CLANG_WARN_RANGE_LOOP_ANALYSIS = YES;
				CLANG_WARN_STRICT_PROTOTYPES = YES;
				CLANG_WARN_SUSPICIOUS_MOVE = YES;
				CLANG_WARN_UNGUARDED_AVAILABILITY = YES_AGGRESSIVE;
				CLANG_WARN_UNREACHABLE_CODE = YES;
				CLANG_WARN__DUPLICATE_METHOD_MATCH = YES;
				COPY_PHASE_STRIP = NO;
				DEBUG_INFORMATION_FORMAT = "dwarf-with-dsym";
				ENABLE_NS_ASSERTIONS = NO;
				ENABLE_STRICT_OBJC_MSGSEND = YES;
				GCC_C_LANGUAGE_STANDARD = gnu11;
				GCC_NO_COMMON_BLOCKS = YES;
				GCC_WARN_64_TO_32_BIT_CONVERSION = YES;
				GCC_WARN_ABOUT_RETURN_TYPE = YES_ERROR;
				GCC_WARN_UNDECLARED_SELECTOR = YES;
				GCC_WARN_UNINITIALIZED_AUTOS = YES_AGGRESSIVE;
				GCC_WARN_UNUSED_FUNCTION = YES;
				GCC_WARN_UNUSED_VARIABLE = YES;
				IPHONEOS_DEPLOYMENT_TARGET = 15.0;
				MTL_ENABLE_DEBUG_INFO = NO;
				MTL_FAST_MATH = YES;
				SDKROOT = iphoneos;
				SWIFT_COMPILATION_MODE = wholemodule;
				SWIFT_OPTIMIZATION_LEVEL = "-O";
				VALIDATE_PRODUCT = YES;
			};
			name = Release;
		};
		3F40A79F276BD89900D147A3 /* Debug */ = {
			isa = XCBuildConfiguration;
			buildSettings = {
				ASSETCATALOG_COMPILER_APPICON_NAME = AppIcon;
				ASSETCATALOG_COMPILER_GLOBAL_ACCENT_COLOR_NAME = AccentColor;
				CODE_SIGN_STYLE = Automatic;
				CURRENT_PROJECT_VERSION = 1;
				DEVELOPMENT_TEAM = 6H2ZQFKHC2;
				GENERATE_INFOPLIST_FILE = YES;
				INFOPLIST_FILE = "Viper- 02/Info.plist";
				INFOPLIST_KEY_UIApplicationSupportsIndirectInputEvents = YES;
				INFOPLIST_KEY_UILaunchStoryboardName = LaunchScreen;
				INFOPLIST_KEY_UIMainStoryboardFile = Main;
				INFOPLIST_KEY_UISupportedInterfaceOrientations_iPad = "UIInterfaceOrientationPortrait UIInterfaceOrientationPortraitUpsideDown UIInterfaceOrientationLandscapeLeft UIInterfaceOrientationLandscapeRight";
				INFOPLIST_KEY_UISupportedInterfaceOrientations_iPhone = "UIInterfaceOrientationPortrait UIInterfaceOrientationLandscapeLeft UIInterfaceOrientationLandscapeRight";
				LD_RUNPATH_SEARCH_PATHS = (
					"$(inherited)",
					"@executable_path/Frameworks",
				);
				MARKETING_VERSION = 1.0;
				PRODUCT_BUNDLE_IDENTIFIER = "com.davidviloria.Viper--02";
				PRODUCT_NAME = "$(TARGET_NAME)";
				SWIFT_EMIT_LOC_STRINGS = YES;
				SWIFT_VERSION = 5.0;
				TARGETED_DEVICE_FAMILY = "1,2";
			};
			name = Debug;
		};
		3F40A7A0276BD89900D147A3 /* Release */ = {
			isa = XCBuildConfiguration;
			buildSettings = {
				ASSETCATALOG_COMPILER_APPICON_NAME = AppIcon;
				ASSETCATALOG_COMPILER_GLOBAL_ACCENT_COLOR_NAME = AccentColor;
				CODE_SIGN_STYLE = Automatic;
				CURRENT_PROJECT_VERSION = 1;
				DEVELOPMENT_TEAM = 6H2ZQFKHC2;
				GENERATE_INFOPLIST_FILE = YES;
				INFOPLIST_FILE = "Viper- 02/Info.plist";
				INFOPLIST_KEY_UIApplicationSupportsIndirectInputEvents = YES;
				INFOPLIST_KEY_UILaunchStoryboardName = LaunchScreen;
				INFOPLIST_KEY_UIMainStoryboardFile = Main;
				INFOPLIST_KEY_UISupportedInterfaceOrientations_iPad = "UIInterfaceOrientationPortrait UIInterfaceOrientationPortraitUpsideDown UIInterfaceOrientationLandscapeLeft UIInterfaceOrientationLandscapeRight";
				INFOPLIST_KEY_UISupportedInterfaceOrientations_iPhone = "UIInterfaceOrientationPortrait UIInterfaceOrientationLandscapeLeft UIInterfaceOrientationLandscapeRight";
				LD_RUNPATH_SEARCH_PATHS = (
					"$(inherited)",
					"@executable_path/Frameworks",
				);
				MARKETING_VERSION = 1.0;
				PRODUCT_BUNDLE_IDENTIFIER = "com.davidviloria.Viper--02";
				PRODUCT_NAME = "$(TARGET_NAME)";
				SWIFT_EMIT_LOC_STRINGS = YES;
				SWIFT_VERSION = 5.0;
				TARGETED_DEVICE_FAMILY = "1,2";
			};
			name = Release;
		};
/* End XCBuildConfiguration section */

/* Begin XCConfigurationList section */
		3F40A785276BD89800D147A3 /* Build configuration list for PBXProject "Viper- 02" */ = {
			isa = XCConfigurationList;
			buildConfigurations = (
				3F40A79C276BD89900D147A3 /* Debug */,
				3F40A79D276BD89900D147A3 /* Release */,
			);
			defaultConfigurationIsVisible = 0;
			defaultConfigurationName = Release;
		};
		3F40A79E276BD89900D147A3 /* Build configuration list for PBXNativeTarget "Viper- 02" */ = {
			isa = XCConfigurationList;
			buildConfigurations = (
				3F40A79F276BD89900D147A3 /* Debug */,
				3F40A7A0276BD89900D147A3 /* Release */,
			);
			defaultConfigurationIsVisible = 0;
			defaultConfigurationName = Release;
		};
/* End XCConfigurationList section */

/* Begin XCRemoteSwiftPackageReference section */
		3F73115E278785C600E07EDC /* XCRemoteSwiftPackageReference "SkeletonView" */ = {
			isa = XCRemoteSwiftPackageReference;
			repositoryURL = "https://github.com/Juanpe/SkeletonView";
			requirement = {
				kind = upToNextMajorVersion;
				minimumVersion = 1.0.0;
			};
		};
/* End XCRemoteSwiftPackageReference section */

/* Begin XCSwiftPackageProductDependency section */
		3F73115F278785C600E07EDC /* SkeletonView */ = {
			isa = XCSwiftPackageProductDependency;
			package = 3F73115E278785C600E07EDC /* XCRemoteSwiftPackageReference "SkeletonView" */;
			productName = SkeletonView;
		};
/* End XCSwiftPackageProductDependency section */
	};
	rootObject = 3F40A782276BD89800D147A3 /* Project object */;
}
