{
  "object": {
    "pins": [
      {
        "package": "SkeletonView",
        "repositoryURL": "https://github.com/Juanpe/SkeletonView",
        "state": {
          "branch": null,
          "revision": "458e5fc29b89bbc0cb3fd14572bddead04935ebb",
          "version": "1.29.1"
        }
      }
    ]
  },
  "version": 1
}
